
Microsoft Visual Studio Solution File, Format Version 12.00
# Visual Studio Version 17
VisualStudioVersion = 17.14.36518.9 d17.14
MinimumVisualStudioVersion = 10.0.40219.1
Project("{FAE04EC0-301F-11D3-BF4B-00C04F79EFBC}") = "CLIESC_ConUni_SOAPDOTNET_GR03", "CLIESC_ConUni_SOAPDOTNET_GR03\CLIESC_ConUni_SOAPDOTNET_GR03.csproj", "{519BAADE-C600-4B7F-AA9B-3BB855D0F63D}"
EndProject
Global
	GlobalSection(SolutionConfigurationPlatforms) = preSolution
		Debug|Any CPU = Debug|Any CPU
		Release|Any CPU = Release|Any CPU
	EndGlobalSection
	GlobalSection(ProjectConfigurationPlatforms) = postSolution
		{519BAADE-C600-4B7F-AA9B-3BB855D0F63D}.Debug|Any CPU.ActiveCfg = Debug|Any CPU
		{519BAADE-C600-4B7F-AA9B-3BB855D0F63D}.Debug|Any CPU.Build.0 = Debug|Any CPU
		{519BAADE-C600-4B7F-AA9B-3BB855D0F63D}.Release|Any CPU.ActiveCfg = Release|Any CPU
		{519BAADE-C600-4B7F-AA9B-3BB855D0F63D}.Release|Any CPU.Build.0 = Release|Any CPU
	EndGlobalSection
	GlobalSection(SolutionProperties) = preSolution
		HideSolutionNode = FALSE
	EndGlobalSection
	GlobalSection(ExtensibilityGlobals) = postSolution
		SolutionGuid = {40EE5880-2AAD-4AD2-8F4A-4581FC468F97}
	EndGlobalSection
EndGlobal
